
Microsoft Visual Studio Solution File, Format Version 12.00
# Visual Studio Version 17
VisualStudioVersion = 17.12.35527.113
MinimumVisualStudioVersion = 10.0.40219.1
Project("{FAE04EC0-301F-11D3-BF4B-00C04F79EFBC}") = "ImageRenderer", "ImageRenderer\ImageRenderer.csproj", "{DF29B3DB-906C-473F-A105-8EA631FBE759}"
EndProject
Project("{FAE04EC0-301F-11D3-BF4B-00C04F79EFBC}") = "TestAPI", "TestAPI\TestAPI.csproj", "{A7294DA0-E894-478B-8846-4DF5C87686E3}"
EndProject
Project("{FAE04EC0-301F-11D3-BF4B-00C04F79EFBC}") = "ImageRendererNet8", "ImageRenderer8.0\ImageRendererNet8.csproj", "{07E36A56-84D8-4D57-B7E9-4E927291B2FD}"
EndProject
Global
	GlobalSection(SolutionConfigurationPlatforms) = preSolution
		Debug|Any CPU = Debug|Any CPU
		Release|Any CPU = Release|Any CPU
	EndGlobalSection
	GlobalSection(ProjectConfigurationPlatforms) = postSolution
		{DF29B3DB-906C-473F-A105-8EA631FBE759}.Debug|Any CPU.ActiveCfg = Debug|Any CPU
		{DF29B3DB-906C-473F-A105-8EA631FBE759}.Debug|Any CPU.Build.0 = Debug|Any CPU
		{DF29B3DB-906C-473F-A105-8EA631FBE759}.Release|Any CPU.ActiveCfg = Release|Any CPU
		{DF29B3DB-906C-473F-A105-8EA631FBE759}.Release|Any CPU.Build.0 = Release|Any CPU
		{A7294DA0-E894-478B-8846-4DF5C87686E3}.Debug|Any CPU.ActiveCfg = Debug|Any CPU
		{A7294DA0-E894-478B-8846-4DF5C87686E3}.Debug|Any CPU.Build.0 = Debug|Any CPU
		{A7294DA0-E894-478B-8846-4DF5C87686E3}.Release|Any CPU.ActiveCfg = Release|Any CPU
		{A7294DA0-E894-478B-8846-4DF5C87686E3}.Release|Any CPU.Build.0 = Release|Any CPU
		{07E36A56-84D8-4D57-B7E9-4E927291B2FD}.Debug|Any CPU.ActiveCfg = Debug|Any CPU
		{07E36A56-84D8-4D57-B7E9-4E927291B2FD}.Debug|Any CPU.Build.0 = Debug|Any CPU
		{07E36A56-84D8-4D57-B7E9-4E927291B2FD}.Release|Any CPU.ActiveCfg = Release|Any CPU
		{07E36A56-84D8-4D57-B7E9-4E927291B2FD}.Release|Any CPU.Build.0 = Release|Any CPU
	EndGlobalSection
	GlobalSection(SolutionProperties) = preSolution
		HideSolutionNode = FALSE
	EndGlobalSection
EndGlobal
